# THIS IS AN AUTOGENERATED FILE. DO NOT EDIT THIS FILE DIRECTLY.
# yarn lockfile v1


eslint-config-airbnb-typescript@^14.0.0:
  version "14.0.0"
  resolved "https://registry.yarnpkg.com/eslint-config-airbnb-typescript/-/eslint-config-airbnb-typescript-14.0.0.tgz#fc22246973b99f0820e2ad1ab929fdd011dfa039"
  integrity sha512-d2Nit2ByZARGRYK6tgSNl3nnmGZPyvsgbsKFcmm+nAhvT8VjVpifG5jI4tzObUUPb0sWw0E1oO/0pSpBD/pIuQ==
